// !$*UTF8*$!
{
	archiveVersion = 1;
	classes = {
	};
	objectVersion = 46;
	objects = {

/* Begin PBXBuildFile section */
		3948D29C195CB1490067B87E /* Foundation.framework in Frameworks */ = {isa = PBXBuildFile; fileRef = 3948D29B195CB1490067B87E /* Foundation.framework */; };
		3948D29E195CB1490067B87E /* CoreGraphics.framework in Frameworks */ = {isa = PBXBuildFile; fileRef = 3948D29D195CB1490067B87E /* CoreGraphics.framework */; };
		3948D2A0195CB1490067B87E /* UIKit.framework in Frameworks */ = {isa = PBXBuildFile; fileRef = 3948D29F195CB1490067B87E /* UIKit.framework */; };
		3948D2A6195CB1490067B87E /* InfoPlist.strings in Resources */ = {isa = PBXBuildFile; fileRef = 3948D2A4195CB1490067B87E /* InfoPlist.strings */; };
		3948D2A8195CB1490067B87E /* main.m in Sources */ = {isa = PBXBuildFile; fileRef = 3948D2A7195CB1490067B87E /* main.m */; };
		3948D2AC195CB1490067B87E /* SSDAppDelegate.m in Sources */ = {isa = PBXBuildFile; fileRef = 3948D2AB195CB1490067B87E /* SSDAppDelegate.m */; };
		3948D2AE195CB1490067B87E /* Images.xcassets in Resources */ = {isa = PBXBuildFile; fileRef = 3948D2AD195CB1490067B87E /* Images.xcassets */; };
		3948D2B5195CB1490067B87E /* XCTest.framework in Frameworks */ = {isa = PBXBuildFile; fileRef = 3948D2B4195CB1490067B87E /* XCTest.framework */; };
		3948D2B6195CB1490067B87E /* Foundation.framework in Frameworks */ = {isa = PBXBuildFile; fileRef = 3948D29B195CB1490067B87E /* Foundation.framework */; };
		3948D2B7195CB1490067B87E /* UIKit.framework in Frameworks */ = {isa = PBXBuildFile; fileRef = 3948D29F195CB1490067B87E /* UIKit.framework */; };
		3948D2BF195CB1490067B87E /* InfoPlist.strings in Resources */ = {isa = PBXBuildFile; fileRef = 3948D2BD195CB1490067B87E /* InfoPlist.strings */; };
		3948D2C1195CB1490067B87E /* FeatureSorterTests.m in Sources */ = {isa = PBXBuildFile; fileRef = 3948D2C0195CB1490067B87E /* FeatureSorterTests.m */; };
		3948D2CD195CB29A0067B87E /* SSDMain.storyboard in Resources */ = {isa = PBXBuildFile; fileRef = 3948D2CC195CB29A0067B87E /* SSDMain.storyboard */; };
		39D3701119785FB7008B89CF /* SSDAddFeatureViewController.m in Sources */ = {isa = PBXBuildFile; fileRef = 39D3701019785FB7008B89CF /* SSDAddFeatureViewController.m */; };
		39D3701719786121008B89CF /* SSDFeaturesTableViewController.m in Sources */ = {isa = PBXBuildFile; fileRef = 39D3701619786121008B89CF /* SSDFeaturesTableViewController.m */; };
		39D3701A197861B0008B89CF /* SSDClassificationLogic.m in Sources */ = {isa = PBXBuildFile; fileRef = 39D37019197861B0008B89CF /* SSDClassificationLogic.m */; };
		39F5BFB9198257DE0075E22E /* SSDClassificationPresentationItem.m in Sources */ = {isa = PBXBuildFile; fileRef = 39F5BFB8198257DE0075E22E /* SSDClassificationPresentationItem.m */; };
		39F5BFBC19825AA70075E22E /* SSDClassificationPresentation.m in Sources */ = {isa = PBXBuildFile; fileRef = 39F5BFBB19825AA70075E22E /* SSDClassificationPresentation.m */; };
		39F5BFBF198293A80075E22E /* SSDFeaturesContainer.m in Sources */ = {isa = PBXBuildFile; fileRef = 39F5BFBE198293A80075E22E /* SSDFeaturesContainer.m */; };
		8D77340919657BF600348D0E /* SSDSingleFeature.m in Sources */ = {isa = PBXBuildFile; fileRef = 8D77340819657BF600348D0E /* SSDSingleFeature.m */; };
/* End PBXBuildFile section */

/* Begin PBXContainerItemProxy section */
		3948D2B8195CB1490067B87E /* PBXContainerItemProxy */ = {
			isa = PBXContainerItemProxy;
			containerPortal = 3948D290195CB1490067B87E /* Project object */;
			proxyType = 1;
			remoteGlobalIDString = 3948D297195CB1490067B87E;
			remoteInfo = FeatureSorter;
		};
/* End PBXContainerItemProxy section */

/* Begin PBXFileReference section */
		3948D298195CB1490067B87E /* FeatureSorter.app */ = {isa = PBXFileReference; explicitFileType = wrapper.application; includeInIndex = 0; path = FeatureSorter.app; sourceTree = BUILT_PRODUCTS_DIR; };
		3948D29B195CB1490067B87E /* Foundation.framework */ = {isa = PBXFileReference; lastKnownFileType = wrapper.framework; name = Foundation.framework; path = System/Library/Frameworks/Foundation.framework; sourceTree = SDKROOT; };
		3948D29D195CB1490067B87E /* CoreGraphics.framework */ = {isa = PBXFileReference; lastKnownFileType = wrapper.framework; name = CoreGraphics.framework; path = System/Library/Frameworks/CoreGraphics.framework; sourceTree = SDKROOT; };
		3948D29F195CB1490067B87E /* UIKit.framework */ = {isa = PBXFileReference; lastKnownFileType = wrapper.framework; name = UIKit.framework; path = System/Library/Frameworks/UIKit.framework; sourceTree = SDKROOT; };
		3948D2A3195CB1490067B87E /* FeatureSorter-Info.plist */ = {isa = PBXFileReference; lastKnownFileType = text.plist.xml; path = "FeatureSorter-Info.plist"; sourceTree = "<group>"; };
		3948D2A5195CB1490067B87E /* en */ = {isa = PBXFileReference; lastKnownFileType = text.plist.strings; name = en; path = en.lproj/InfoPlist.strings; sourceTree = "<group>"; };
		3948D2A7195CB1490067B87E /* main.m */ = {isa = PBXFileReference; lastKnownFileType = sourcecode.c.objc; path = main.m; sourceTree = "<group>"; };
		3948D2A9195CB1490067B87E /* FeatureSorter-Prefix.pch */ = {isa = PBXFileReference; lastKnownFileType = sourcecode.c.h; path = "FeatureSorter-Prefix.pch"; sourceTree = "<group>"; };
		3948D2AA195CB1490067B87E /* SSDAppDelegate.h */ = {isa = PBXFileReference; lastKnownFileType = sourcecode.c.h; path = SSDAppDelegate.h; sourceTree = "<group>"; };
		3948D2AB195CB1490067B87E /* SSDAppDelegate.m */ = {isa = PBXFileReference; lastKnownFileType = sourcecode.c.objc; path = SSDAppDelegate.m; sourceTree = "<group>"; };
		3948D2AD195CB1490067B87E /* Images.xcassets */ = {isa = PBXFileReference; lastKnownFileType = folder.assetcatalog; path = Images.xcassets; sourceTree = "<group>"; };
		3948D2B3195CB1490067B87E /* FeatureSorterTests.xctest */ = {isa = PBXFileReference; explicitFileType = wrapper.cfbundle; includeInIndex = 0; path = FeatureSorterTests.xctest; sourceTree = BUILT_PRODUCTS_DIR; };
		3948D2B4195CB1490067B87E /* XCTest.framework */ = {isa = PBXFileReference; lastKnownFileType = wrapper.framework; name = XCTest.framework; path = Library/Frameworks/XCTest.framework; sourceTree = DEVELOPER_DIR; };
		3948D2BC195CB1490067B87E /* FeatureSorterTests-Info.plist */ = {isa = PBXFileReference; lastKnownFileType = text.plist.xml; path = "FeatureSorterTests-Info.plist"; sourceTree = "<group>"; };
		3948D2BE195CB1490067B87E /* en */ = {isa = PBXFileReference; lastKnownFileType = text.plist.strings; name = en; path = en.lproj/InfoPlist.strings; sourceTree = "<group>"; };
		3948D2C0195CB1490067B87E /* FeatureSorterTests.m */ = {isa = PBXFileReference; lastKnownFileType = sourcecode.c.objc; path = FeatureSorterTests.m; sourceTree = "<group>"; };
		3948D2CC195CB29A0067B87E /* SSDMain.storyboard */ = {isa = PBXFileReference; fileEncoding = 4; lastKnownFileType = file.storyboard; path = SSDMain.storyboard; sourceTree = "<group>"; };
		39D3700A19782114008B89CF /* CoreData.framework */ = {isa = PBXFileReference; lastKnownFileType = wrapper.framework; name = CoreData.framework; path = System/Library/Frameworks/CoreData.framework; sourceTree = SDKROOT; };
		39D3700F19785FB7008B89CF /* SSDAddFeatureViewController.h */ = {isa = PBXFileReference; fileEncoding = 4; lastKnownFileType = sourcecode.c.h; path = SSDAddFeatureViewController.h; sourceTree = "<group>"; };
		39D3701019785FB7008B89CF /* SSDAddFeatureViewController.m */ = {isa = PBXFileReference; fileEncoding = 4; lastKnownFileType = sourcecode.c.objc; path = SSDAddFeatureViewController.m; sourceTree = "<group>"; };
		39D3701519786121008B89CF /* SSDFeaturesTableViewController.h */ = {isa = PBXFileReference; fileEncoding = 4; lastKnownFileType = sourcecode.c.h; path = SSDFeaturesTableViewController.h; sourceTree = "<group>"; };
		39D3701619786121008B89CF /* SSDFeaturesTableViewController.m */ = {isa = PBXFileReference; fileEncoding = 4; lastKnownFileType = sourcecode.c.objc; path = SSDFeaturesTableViewController.m; sourceTree = "<group>"; };
		39D37018197861B0008B89CF /* SSDClassificationLogic.h */ = {isa = PBXFileReference; fileEncoding = 4; lastKnownFileType = sourcecode.c.h; path = SSDClassificationLogic.h; sourceTree = "<group>"; };
		39D37019197861B0008B89CF /* SSDClassificationLogic.m */ = {isa = PBXFileReference; fileEncoding = 4; lastKnownFileType = sourcecode.c.objc; path = SSDClassificationLogic.m; sourceTree = "<group>"; };
		39F5BFB7198257DE0075E22E /* SSDClassificationPresentationItem.h */ = {isa = PBXFileReference; fileEncoding = 4; lastKnownFileType = sourcecode.c.h; path = SSDClassificationPresentationItem.h; sourceTree = "<group>"; };
		39F5BFB8198257DE0075E22E /* SSDClassificationPresentationItem.m */ = {isa = PBXFileReference; fileEncoding = 4; lastKnownFileType = sourcecode.c.objc; path = SSDClassificationPresentationItem.m; sourceTree = "<group>"; };
		39F5BFBA19825AA70075E22E /* SSDClassificationPresentation.h */ = {isa = PBXFileReference; fileEncoding = 4; lastKnownFileType = sourcecode.c.h; path = SSDClassificationPresentation.h; sourceTree = "<group>"; };
		39F5BFBB19825AA70075E22E /* SSDClassificationPresentation.m */ = {isa = PBXFileReference; fileEncoding = 4; lastKnownFileType = sourcecode.c.objc; path = SSDClassificationPresentation.m; sourceTree = "<group>"; };
		39F5BFBD198293A80075E22E /* SSDFeaturesContainer.h */ = {isa = PBXFileReference; fileEncoding = 4; lastKnownFileType = sourcecode.c.h; path = SSDFeaturesContainer.h; sourceTree = "<group>"; };
		39F5BFBE198293A80075E22E /* SSDFeaturesContainer.m */ = {isa = PBXFileReference; fileEncoding = 4; lastKnownFileType = sourcecode.c.objc; path = SSDFeaturesContainer.m; sourceTree = "<group>"; };
		8D77340719657BF600348D0E /* SSDSingleFeature.h */ = {isa = PBXFileReference; fileEncoding = 4; lastKnownFileType = sourcecode.c.h; path = SSDSingleFeature.h; sourceTree = "<group>"; };
		8D77340819657BF600348D0E /* SSDSingleFeature.m */ = {isa = PBXFileReference; fileEncoding = 4; lastKnownFileType = sourcecode.c.objc; path = SSDSingleFeature.m; sourceTree = "<group>"; };
/* End PBXFileReference section */

/* Begin PBXFrameworksBuildPhase section */
		3948D295195CB1490067B87E /* Frameworks */ = {
			isa = PBXFrameworksBuildPhase;
			buildActionMask = 2147483647;
			files = (
				3948D29E195CB1490067B87E /* CoreGraphics.framework in Frameworks */,
				3948D2A0195CB1490067B87E /* UIKit.framework in Frameworks */,
				3948D29C195CB1490067B87E /* Foundation.framework in Frameworks */,
			);
			runOnlyForDeploymentPostprocessing = 0;
		};
		3948D2B0195CB1490067B87E /* Frameworks */ = {
			isa = PBXFrameworksBuildPhase;
			buildActionMask = 2147483647;
			files = (
				3948D2B5195CB1490067B87E /* XCTest.framework in Frameworks */,
				3948D2B7195CB1490067B87E /* UIKit.framework in Frameworks */,
				3948D2B6195CB1490067B87E /* Foundation.framework in Frameworks */,
			);
			runOnlyForDeploymentPostprocessing = 0;
		};
/* End PBXFrameworksBuildPhase section */

/* Begin PBXGroup section */
		3948D28F195CB1490067B87E = {
			isa = PBXGroup;
			children = (
				3948D2A1195CB1490067B87E /* FeatureSorter */,
				3948D2BA195CB1490067B87E /* FeatureSorterTests */,
				3948D29A195CB1490067B87E /* Frameworks */,
				3948D299195CB1490067B87E /* Products */,
			);
			sourceTree = "<group>";
		};
		3948D299195CB1490067B87E /* Products */ = {
			isa = PBXGroup;
			children = (
				3948D298195CB1490067B87E /* FeatureSorter.app */,
				3948D2B3195CB1490067B87E /* FeatureSorterTests.xctest */,
			);
			name = Products;
			sourceTree = "<group>";
		};
		3948D29A195CB1490067B87E /* Frameworks */ = {
			isa = PBXGroup;
			children = (
				39D3700A19782114008B89CF /* CoreData.framework */,
				3948D29B195CB1490067B87E /* Foundation.framework */,
				3948D29D195CB1490067B87E /* CoreGraphics.framework */,
				3948D29F195CB1490067B87E /* UIKit.framework */,
				3948D2B4195CB1490067B87E /* XCTest.framework */,
			);
			name = Frameworks;
			sourceTree = "<group>";
		};
		3948D2A1195CB1490067B87E /* FeatureSorter */ = {
			isa = PBXGroup;
			children = (
				3948D2AA195CB1490067B87E /* SSDAppDelegate.h */,
				39D3701519786121008B89CF /* SSDFeaturesTableViewController.h */,
				39D3701619786121008B89CF /* SSDFeaturesTableViewController.m */,
				39F5BFBD198293A80075E22E /* SSDFeaturesContainer.h */,
				39F5BFBE198293A80075E22E /* SSDFeaturesContainer.m */,
				39F5BFB7198257DE0075E22E /* SSDClassificationPresentationItem.h */,
				39F5BFBA19825AA70075E22E /* SSDClassificationPresentation.h */,
				39F5BFBB19825AA70075E22E /* SSDClassificationPresentation.m */,
				39F5BFB8198257DE0075E22E /* SSDClassificationPresentationItem.m */,
				39D37018197861B0008B89CF /* SSDClassificationLogic.h */,
				39D37019197861B0008B89CF /* SSDClassificationLogic.m */,
				3948D2AB195CB1490067B87E /* SSDAppDelegate.m */,
				39D3700F19785FB7008B89CF /* SSDAddFeatureViewController.h */,
				39D3701019785FB7008B89CF /* SSDAddFeatureViewController.m */,
				3948D2AD195CB1490067B87E /* Images.xcassets */,
				3948D2A2195CB1490067B87E /* Supporting Files */,
				3948D2CC195CB29A0067B87E /* SSDMain.storyboard */,
				8D77340719657BF600348D0E /* SSDSingleFeature.h */,
				8D77340819657BF600348D0E /* SSDSingleFeature.m */,
			);
			path = FeatureSorter;
			sourceTree = "<group>";
		};
		3948D2A2195CB1490067B87E /* Supporting Files */ = {
			isa = PBXGroup;
			children = (
				3948D2A3195CB1490067B87E /* FeatureSorter-Info.plist */,
				3948D2A4195CB1490067B87E /* InfoPlist.strings */,
				3948D2A7195CB1490067B87E /* main.m */,
				3948D2A9195CB1490067B87E /* FeatureSorter-Prefix.pch */,
			);
			name = "Supporting Files";
			sourceTree = "<group>";
		};
		3948D2BA195CB1490067B87E /* FeatureSorterTests */ = {
			isa = PBXGroup;
			children = (
				3948D2C0195CB1490067B87E /* FeatureSorterTests.m */,
				3948D2BB195CB1490067B87E /* Supporting Files */,
			);
			path = FeatureSorterTests;
			sourceTree = "<group>";
		};
		3948D2BB195CB1490067B87E /* Supporting Files */ = {
			isa = PBXGroup;
			children = (
				3948D2BC195CB1490067B87E /* FeatureSorterTests-Info.plist */,
				3948D2BD195CB1490067B87E /* InfoPlist.strings */,
			);
			name = "Supporting Files";
			sourceTree = "<group>";
		};
/* End PBXGroup section */

/* Begin PBXNativeTarget section */
		3948D297195CB1490067B87E /* FeatureSorter */ = {
			isa = PBXNativeTarget;
			buildConfigurationList = 3948D2C4195CB1490067B87E /* Build configuration list for PBXNativeTarget "FeatureSorter" */;
			buildPhases = (
				3948D294195CB1490067B87E /* Sources */,
				3948D295195CB1490067B87E /* Frameworks */,
				3948D296195CB1490067B87E /* Resources */,
			);
			buildRules = (
			);
			dependencies = (
			);
			name = FeatureSorter;
			productName = FeatureSorter;
			productReference = 3948D298195CB1490067B87E /* FeatureSorter.app */;
			productType = "com.apple.product-type.application";
		};
		3948D2B2195CB1490067B87E /* FeatureSorterTests */ = {
			isa = PBXNativeTarget;
			buildConfigurationList = 3948D2C7195CB1490067B87E /* Build configuration list for PBXNativeTarget "FeatureSorterTests" */;
			buildPhases = (
				3948D2AF195CB1490067B87E /* Sources */,
				3948D2B0195CB1490067B87E /* Frameworks */,
				3948D2B1195CB1490067B87E /* Resources */,
			);
			buildRules = (
			);
			dependencies = (
				3948D2B9195CB1490067B87E /* PBXTargetDependency */,
			);
			name = FeatureSorterTests;
			productName = FeatureSorterTests;
			productReference = 3948D2B3195CB1490067B87E /* FeatureSorterTests.xctest */;
			productType = "com.apple.product-type.bundle.unit-test";
		};
/* End PBXNativeTarget section */

/* Begin PBXProject section */
		3948D290195CB1490067B87E /* Project object */ = {
			isa = PBXProject;
			attributes = {
				CLASSPREFIX = SSD;
				LastUpgradeCheck = 0510;
				ORGANIZATIONNAME = SSD;
				TargetAttributes = {
					3948D2B2195CB1490067B87E = {
						TestTargetID = 3948D297195CB1490067B87E;
					};
				};
			};
			buildConfigurationList = 3948D293195CB1490067B87E /* Build configuration list for PBXProject "FeatureSorter" */;
			compatibilityVersion = "Xcode 3.2";
			developmentRegion = English;
			hasScannedForEncodings = 0;
			knownRegions = (
				en,
			);
			mainGroup = 3948D28F195CB1490067B87E;
			productRefGroup = 3948D299195CB1490067B87E /* Products */;
			projectDirPath = "";
			projectRoot = "";
			targets = (
				3948D297195CB1490067B87E /* FeatureSorter */,
				3948D2B2195CB1490067B87E /* FeatureSorterTests */,
			);
		};
/* End PBXProject section */

/* Begin PBXResourcesBuildPhase section */
		3948D296195CB1490067B87E /* Resources */ = {
			isa = PBXResourcesBuildPhase;
			buildActionMask = 2147483647;
			files = (
				3948D2A6195CB1490067B87E /* InfoPlist.strings in Resources */,
				3948D2CD195CB29A0067B87E /* SSDMain.storyboard in Resources */,
				3948D2AE195CB1490067B87E /* Images.xcassets in Resources */,
			);
			runOnlyForDeploymentPostprocessing = 0;
		};
		3948D2B1195CB1490067B87E /* Resources */ = {
			isa = PBXResourcesBuildPhase;
			buildActionMask = 2147483647;
			files = (
				3948D2BF195CB1490067B87E /* InfoPlist.strings in Resources */,
			);
			runOnlyForDeploymentPostprocessing = 0;
		};
/* End PBXResourcesBuildPhase section */

/* Begin PBXSourcesBuildPhase section */
		3948D294195CB1490067B87E /* Sources */ = {
			isa = PBXSourcesBuildPhase;
			buildActionMask = 2147483647;
			files = (
				39F5BFBF198293A80075E22E /* SSDFeaturesContainer.m in Sources */,
				3948D2A8195CB1490067B87E /* main.m in Sources */,
				39D3701719786121008B89CF /* SSDFeaturesTableViewController.m in Sources */,
				3948D2AC195CB1490067B87E /* SSDAppDelegate.m in Sources */,
				39F5BFB9198257DE0075E22E /* SSDClassificationPresentationItem.m in Sources */,
				39F5BFBC19825AA70075E22E /* SSDClassificationPresentation.m in Sources */,
				39D3701119785FB7008B89CF /* SSDAddFeatureViewController.m in Sources */,
				8D77340919657BF600348D0E /* SSDSingleFeature.m in Sources */,
				39D3701A197861B0008B89CF /* SSDClassificationLogic.m in Sources */,
			);
			runOnlyForDeploymentPostprocessing = 0;
		};
		3948D2AF195CB1490067B87E /* Sources */ = {
			isa = PBXSourcesBuildPhase;
			buildActionMask = 2147483647;
			files = (
				3948D2C1195CB1490067B87E /* FeatureSorterTests.m in Sources */,
			);
			runOnlyForDeploymentPostprocessing = 0;
		};
/* End PBXSourcesBuildPhase section */

/* Begin PBXTargetDependency section */
		3948D2B9195CB1490067B87E /* PBXTargetDependency */ = {
			isa = PBXTargetDependency;
			target = 3948D297195CB1490067B87E /* FeatureSorter */;
			targetProxy = 3948D2B8195CB1490067B87E /* PBXContainerItemProxy */;
		};
/* End PBXTargetDependency section */

/* Begin PBXVariantGroup section */
		3948D2A4195CB1490067B87E /* InfoPlist.strings */ = {
			isa = PBXVariantGroup;
			children = (
				3948D2A5195CB1490067B87E /* en */,
			);
			name = InfoPlist.strings;
			sourceTree = "<group>";
		};
		3948D2BD195CB1490067B87E /* InfoPlist.strings */ = {
			isa = PBXVariantGroup;
			children = (
				3948D2BE195CB1490067B87E /* en */,
			);
			name = InfoPlist.strings;
			sourceTree = "<group>";
		};
/* End PBXVariantGroup section */

/* Begin XCBuildConfiguration section */
		3948D2C2195CB1490067B87E /* Debug */ = {
			isa = XCBuildConfiguration;
			buildSettings = {
				ALWAYS_SEARCH_USER_PATHS = NO;
				CLANG_CXX_LANGUAGE_STANDARD = "gnu++0x";
				CLANG_CXX_LIBRARY = "libc++";
				CLANG_ENABLE_MODULES = YES;
				CLANG_ENABLE_OBJC_ARC = YES;
				CLANG_WARN_BOOL_CONVERSION = YES;
				CLANG_WARN_CONSTANT_CONVERSION = YES;
				CLANG_WARN_DIRECT_OBJC_ISA_USAGE = YES_ERROR;
				CLANG_WARN_EMPTY_BODY = YES;
				CLANG_WARN_ENUM_CONVERSION = YES;
				CLANG_WARN_INT_CONVERSION = YES;
				CLANG_WARN_OBJC_ROOT_CLASS = YES_ERROR;
				CLANG_WARN__DUPLICATE_METHOD_MATCH = YES;
				"CODE_SIGN_IDENTITY[sdk=iphoneos*]" = "iPhone Developer";
				COPY_PHASE_STRIP = NO;
				GCC_C_LANGUAGE_STANDARD = gnu99;
				GCC_DYNAMIC_NO_PIC = NO;
				GCC_OPTIMIZATION_LEVEL = 0;
				GCC_PREPROCESSOR_DEFINITIONS = (
					"DEBUG=1",
					"$(inherited)",
				);
				GCC_SYMBOLS_PRIVATE_EXTERN = NO;
				GCC_WARN_64_TO_32_BIT_CONVERSION = YES;
				GCC_WARN_ABOUT_RETURN_TYPE = YES_ERROR;
				GCC_WARN_UNDECLARED_SELECTOR = YES;
				GCC_WARN_UNINITIALIZED_AUTOS = YES_AGGRESSIVE;
				GCC_WARN_UNUSED_FUNCTION = YES;
				GCC_WARN_UNUSED_VARIABLE = YES;
				IPHONEOS_DEPLOYMENT_TARGET = 7.1;
				ONLY_ACTIVE_ARCH = YES;
				SDKROOT = iphoneos;
			};
			name = Debug;
		};
		3948D2C3195CB1490067B87E /* Release */ = {
			isa = XCBuildConfiguration;
			buildSettings = {
				ALWAYS_SEARCH_USER_PATHS = NO;
				CLANG_CXX_LANGUAGE_STANDARD = "gnu++0x";
				CLANG_CXX_LIBRARY = "libc++";
				CLANG_ENABLE_MODULES = YES;
				CLANG_ENABLE_OBJC_ARC = YES;
				CLANG_WARN_BOOL_CONVERSION = YES;
				CLANG_WARN_CONSTANT_CONVERSION = YES;
				CLANG_WARN_DIRECT_OBJC_ISA_USAGE = YES_ERROR;
				CLANG_WARN_EMPTY_BODY = YES;
				CLANG_WARN_ENUM_CONVERSION = YES;
				CLANG_WARN_INT_CONVERSION = YES;
				CLANG_WARN_OBJC_ROOT_CLASS = YES_ERROR;
				CLANG_WARN__DUPLICATE_METHOD_MATCH = YES;
				"CODE_SIGN_IDENTITY[sdk=iphoneos*]" = "iPhone Developer";
				COPY_PHASE_STRIP = YES;
				ENABLE_NS_ASSERTIONS = NO;
				GCC_C_LANGUAGE_STANDARD = gnu99;
				GCC_WARN_64_TO_32_BIT_CONVERSION = YES;
				GCC_WARN_ABOUT_RETURN_TYPE = YES_ERROR;
				GCC_WARN_UNDECLARED_SELECTOR = YES;
				GCC_WARN_UNINITIALIZED_AUTOS = YES_AGGRESSIVE;
				GCC_WARN_UNUSED_FUNCTION = YES;
				GCC_WARN_UNUSED_VARIABLE = YES;
				IPHONEOS_DEPLOYMENT_TARGET = 7.1;
				SDKROOT = iphoneos;
				VALIDATE_PRODUCT = YES;
			};
			name = Release;
		};
		3948D2C5195CB1490067B87E /* Debug */ = {
			isa = XCBuildConfiguration;
			buildSettings = {
				ASSETCATALOG_COMPILER_APPICON_NAME = AppIcon;
				ASSETCATALOG_COMPILER_LAUNCHIMAGE_NAME = LaunchImage;
				GCC_PRECOMPILE_PREFIX_HEADER = YES;
				GCC_PREFIX_HEADER = "FeatureSorter/FeatureSorter-Prefix.pch";
				INFOPLIST_FILE = "FeatureSorter/FeatureSorter-Info.plist";
				IPHONEOS_DEPLOYMENT_TARGET = 7.1;
				PRODUCT_NAME = "$(TARGET_NAME)";
				WRAPPER_EXTENSION = app;
			};
			name = Debug;
		};
		3948D2C6195CB1490067B87E /* Release */ = {
			isa = XCBuildConfiguration;
			buildSettings = {
				ASSETCATALOG_COMPILER_APPICON_NAME = AppIcon;
				ASSETCATALOG_COMPILER_LAUNCHIMAGE_NAME = LaunchImage;
				GCC_PRECOMPILE_PREFIX_HEADER = YES;
				GCC_PREFIX_HEADER = "FeatureSorter/FeatureSorter-Prefix.pch";
				INFOPLIST_FILE = "FeatureSorter/FeatureSorter-Info.plist";
				IPHONEOS_DEPLOYMENT_TARGET = 7.1;
				PRODUCT_NAME = "$(TARGET_NAME)";
				WRAPPER_EXTENSION = app;
			};
			name = Release;
		};
		3948D2C8195CB1490067B87E /* Debug */ = {
			isa = XCBuildConfiguration;
			buildSettings = {
				BUNDLE_LOADER = "$(BUILT_PRODUCTS_DIR)/FeatureSorter.app/FeatureSorter";
				FRAMEWORK_SEARCH_PATHS = (
					"$(SDKROOT)/Developer/Library/Frameworks",
					"$(inherited)",
					"$(DEVELOPER_FRAMEWORKS_DIR)",
				);
				GCC_PRECOMPILE_PREFIX_HEADER = YES;
				GCC_PREFIX_HEADER = "FeatureSorter/FeatureSorter-Prefix.pch";
				GCC_PREPROCESSOR_DEFINITIONS = (
					"DEBUG=1",
					"$(inherited)",
				);
				INFOPLIST_FILE = "FeatureSorterTests/FeatureSorterTests-Info.plist";
				PRODUCT_NAME = "$(TARGET_NAME)";
				TEST_HOST = "$(BUNDLE_LOADER)";
				WRAPPER_EXTENSION = xctest;
			};
			name = Debug;
		};
		3948D2C9195CB1490067B87E /* Release */ = {
			isa = XCBuildConfiguration;
			buildSettings = {
				BUNDLE_LOADER = "$(BUILT_PRODUCTS_DIR)/FeatureSorter.app/FeatureSorter";
				FRAMEWORK_SEARCH_PATHS = (
					"$(SDKROOT)/Developer/Library/Frameworks",
					"$(inherited)",
					"$(DEVELOPER_FRAMEWORKS_DIR)",
				);
				GCC_PRECOMPILE_PREFIX_HEADER = YES;
				GCC_PREFIX_HEADER = "FeatureSorter/FeatureSorter-Prefix.pch";
				INFOPLIST_FILE = "FeatureSorterTests/FeatureSorterTests-Info.plist";
				PRODUCT_NAME = "$(TARGET_NAME)";
				TEST_HOST = "$(BUNDLE_LOADER)";
				WRAPPER_EXTENSION = xctest;
			};
			name = Release;
		};
/* End XCBuildConfiguration section */

/* Begin XCConfigurationList section */
		3948D293195CB1490067B87E /* Build configuration list for PBXProject "FeatureSorter" */ = {
			isa = XCConfigurationList;
			buildConfigurations = (
				3948D2C2195CB1490067B87E /* Debug */,
				3948D2C3195CB1490067B87E /* Release */,
			);
			defaultConfigurationIsVisible = 0;
			defaultConfigurationName = Release;
		};
		3948D2C4195CB1490067B87E /* Build configuration list for PBXNativeTarget "FeatureSorter" */ = {
			isa = XCConfigurationList;
			buildConfigurations = (
				3948D2C5195CB1490067B87E /* Debug */,
				3948D2C6195CB1490067B87E /* Release */,
			);
			defaultConfigurationIsVisible = 0;
			defaultConfigurationName = Release;
		};
		3948D2C7195CB1490067B87E /* Build configuration list for PBXNativeTarget "FeatureSorterTests" */ = {
			isa = XCConfigurationList;
			buildConfigurations = (
				3948D2C8195CB1490067B87E /* Debug */,
				3948D2C9195CB1490067B87E /* Release */,
			);
			defaultConfigurationIsVisible = 0;
			defaultConfigurationName = Release;
		};
/* End XCConfigurationList section */
	};
	rootObject = 3948D290195CB1490067B87E /* Project object */;
}
